// !$*UTF8*$!
{
	archiveVersion = 1;
	classes = {
	};
	objectVersion = 77;
	objects = {

/* Begin PBXBuildFile section */
		81F392B52F92EB6D001535F4 /* FirebaseAuth in Frameworks */ = {isa = PBXBuildFile; productRef = 81F392B42F92EB6D001535F4 /* FirebaseAuth */; };
		81F392B72F92EB6D001535F4 /* FirebaseDatabase in Frameworks */ = {isa = PBXBuildFile; productRef = 81F392B62F92EB6D001535F4 /* FirebaseDatabase */; };
		81F392B92F92EB6D001535F4 /* FirebaseFirestore in Frameworks */ = {isa = PBXBuildFile; productRef = 81F392B82F92EB6D001535F4 /* FirebaseFirestore */; };
		81F392BB2F92EB6D001535F4 /* FirebaseMessaging in Frameworks */ = {isa = PBXBuildFile; productRef = 81F392BA2F92EB6D001535F4 /* FirebaseMessaging */; };
		81F392BD2F92EB6D001535F4 /* FirebaseStorage in Frameworks */ = {isa = PBXBuildFile; productRef = 81F392BC2F92EB6D001535F4 /* FirebaseStorage */; };
		81F392C02F92EB82001535F4 /* SDWebImageSwiftUI in Frameworks */ = {isa = PBXBuildFile; productRef = 81F392BF2F92EB82001535F4 /* SDWebImageSwiftUI */; };
		81F392C32F92EB91001535F4 /* MWDATCamera in Frameworks */ = {isa = PBXBuildFile; productRef = 81F392C22F92EB91001535F4 /* MWDATCamera */; };
		81F392C52F92EB91001535F4 /* MWDATCore in Frameworks */ = {isa = PBXBuildFile; productRef = 81F392C42F92EB91001535F4 /* MWDATCore */; };
		81F392C72F92EB91001535F4 /* MWDATMockDevice in Frameworks */ = {isa = PBXBuildFile; productRef = 81F392C62F92EB91001535F4 /* MWDATMockDevice */; };
/* End PBXBuildFile section */

/* Begin PBXContainerItemProxy section */
		8103D5B32F8D98840028FDA0 /* PBXContainerItemProxy */ = {
			isa = PBXContainerItemProxy;
			containerPortal = 8103D59D2F8D98810028FDA0 /* Project object */;
			proxyType = 1;
			remoteGlobalIDString = 8103D5A42F8D98810028FDA0;
			remoteInfo = NutriMarket;
		};
		8103D5BD2F8D98840028FDA0 /* PBXContainerItemProxy */ = {
			isa = PBXContainerItemProxy;
			containerPortal = 8103D59D2F8D98810028FDA0 /* Project object */;
			proxyType = 1;
			remoteGlobalIDString = 8103D5A42F8D98810028FDA0;
			remoteInfo = NutriMarket;
		};
/* End PBXContainerItemProxy section */

/* Begin PBXFileReference section */
		8103D5A52F8D98810028FDA0 /* NutriMarket.app */ = {isa = PBXFileReference; explicitFileType = wrapper.application; includeInIndex = 0; path = NutriMarket.app; sourceTree = BUILT_PRODUCTS_DIR; };
		8103D5B22F8D98840028FDA0 /* NutriMarketTests.xctest */ = {isa = PBXFileReference; explicitFileType = wrapper.cfbundle; includeInIndex = 0; path = NutriMarketTests.xctest; sourceTree = BUILT_PRODUCTS_DIR; };
		8103D5BC2F8D98840028FDA0 /* NutriMarketUITests.xctest */ = {isa = PBXFileReference; explicitFileType = wrapper.cfbundle; includeInIndex = 0; path = NutriMarketUITests.xctest; sourceTree = BUILT_PRODUCTS_DIR; };
/* End PBXFileReference section */

/* Begin PBXFileSystemSynchronizedBuildFileExceptionSet section */
		8103D5D72F8D98BC0028FDA0 /* Exceptions for "NutriMarket" folder in "NutriMarket" target */ = {
			isa = PBXFileSystemSynchronizedBuildFileExceptionSet;
			membershipExceptions = (
				Info.plist,
			);
			target = 8103D5A42F8D98810028FDA0 /* NutriMarket */;
		};
		81DA31B52F8EB8FE00FFF443 /* Exceptions for "NutriMarket" folder in "NutriMarketTests" target */ = {
			isa = PBXFileSystemSynchronizedBuildFileExceptionSet;
			membershipExceptions = (
				"GoogleService-Info.plist",
			);
			target = 8103D5B12F8D98840028FDA0 /* NutriMarketTests */;
		};
		81DA31B62F8EB8FE00FFF443 /* Exceptions for "NutriMarket" folder in "NutriMarketUITests" target */ = {
			isa = PBXFileSystemSynchronizedBuildFileExceptionSet;
			membershipExceptions = (
				"GoogleService-Info.plist",
			);
			target = 8103D5BB2F8D98840028FDA0 /* NutriMarketUITests */;
		};
/* End PBXFileSystemSynchronizedBuildFileExceptionSet section */

/* Begin PBXFileSystemSynchronizedRootGroup section */
		8103D5A72F8D98810028FDA0 /* NutriMarket */ = {
			isa = PBXFileSystemSynchronizedRootGroup;
			exceptions = (
				8103D5D72F8D98BC0028FDA0 /* Exceptions for "NutriMarket" folder in "NutriMarket" target */,
				81DA31B52F8EB8FE00FFF443 /* Exceptions for "NutriMarket" folder in "NutriMarketTests" target */,
				81DA31B62F8EB8FE00FFF443 /* Exceptions for "NutriMarket" folder in "NutriMarketUITests" target */,
			);
			path = NutriMarket;
			sourceTree = "<group>";
		};
		8103D5B52F8D98840028FDA0 /* NutriMarketTests */ = {
			isa = PBXFileSystemSynchronizedRootGroup;
			path = NutriMarketTests;
			sourceTree = "<group>";
		};
		8103D5BF2F8D98840028FDA0 /* NutriMarketUITests */ = {
			isa = PBXFileSystemSynchronizedRootGroup;
			path = NutriMarketUITests;
			sourceTree = "<group>";
		};
/* End PBXFileSystemSynchronizedRootGroup section */

/* Begin PBXFrameworksBuildPhase section */
		8103D5A22F8D98810028FDA0 /* Frameworks */ = {
			isa = PBXFrameworksBuildPhase;
			buildActionMask = 2147483647;
			files = (
				81F392C02F92EB82001535F4 /* SDWebImageSwiftUI in Frameworks */,
				81F392BB2F92EB6D001535F4 /* FirebaseMessaging in Frameworks */,
				81F392B72F92EB6D001535F4 /* FirebaseDatabase in Frameworks */,
				81F392B52F92EB6D001535F4 /* FirebaseAuth in Frameworks */,
				81F392C72F92EB91001535F4 /* MWDATMockDevice in Frameworks */,
				81F392BD2F92EB6D001535F4 /* FirebaseStorage in Frameworks */,
				81F392B92F92EB6D001535F4 /* FirebaseFirestore in Frameworks */,
				81F392C32F92EB91001535F4 /* MWDATCamera in Frameworks */,
				81F392C52F92EB91001535F4 /* MWDATCore in Frameworks */,
			);
			runOnlyForDeploymentPostprocessing = 0;
		};
		8103D5AF2F8D98840028FDA0 /* Frameworks */ = {
			isa = PBXFrameworksBuildPhase;
			buildActionMask = 2147483647;
			files = (
			);
			runOnlyForDeploymentPostprocessing = 0;
		};
		8103D5B92F8D98840028FDA0 /* Frameworks */ = {
			isa = PBXFrameworksBuildPhase;
			buildActionMask = 2147483647;
			files = (
			);
			runOnlyForDeploymentPostprocessing = 0;
		};
/* End PBXFrameworksBuildPhase section */

/* Begin PBXGroup section */
		8103D59C2F8D98810028FDA0 = {
			isa = PBXGroup;
			children = (
				8103D5A72F8D98810028FDA0 /* NutriMarket */,
				8103D5B52F8D98840028FDA0 /* NutriMarketTests */,
				8103D5BF2F8D98840028FDA0 /* NutriMarketUITests */,
				8103D5A62F8D98810028FDA0 /* Products */,
			);
			sourceTree = "<group>";
		};
		8103D5A62F8D98810028FDA0 /* Products */ = {
			isa = PBXGroup;
			children = (
				8103D5A52F8D98810028FDA0 /* NutriMarket.app */,
				8103D5B22F8D98840028FDA0 /* NutriMarketTests.xctest */,
				8103D5BC2F8D98840028FDA0 /* NutriMarketUITests.xctest */,
			);
			name = Products;
			sourceTree = "<group>";
		};
/* End PBXGroup section */

/* Begin PBXNativeTarget section */
		8103D5A42F8D98810028FDA0 /* NutriMarket */ = {
			isa = PBXNativeTarget;
			buildConfigurationList = 8103D5C62F8D98840028FDA0 /* Build configuration list for PBXNativeTarget "NutriMarket" */;
			buildPhases = (
				8103D5A12F8D98810028FDA0 /* Sources */,
				8103D5A22F8D98810028FDA0 /* Frameworks */,
				8103D5A32F8D98810028FDA0 /* Resources */,
			);
			buildRules = (
			);
			dependencies = (
			);
			fileSystemSynchronizedGroups = (
				8103D5A72F8D98810028FDA0 /* NutriMarket */,
			);
			name = NutriMarket;
			packageProductDependencies = (
				81F392B42F92EB6D001535F4 /* FirebaseAuth */,
				81F392B62F92EB6D001535F4 /* FirebaseDatabase */,
				81F392B82F92EB6D001535F4 /* FirebaseFirestore */,
				81F392BA2F92EB6D001535F4 /* FirebaseMessaging */,
				81F392BC2F92EB6D001535F4 /* FirebaseStorage */,
				81F392BF2F92EB82001535F4 /* SDWebImageSwiftUI */,
				81F392C22F92EB91001535F4 /* MWDATCamera */,
				81F392C42F92EB91001535F4 /* MWDATCore */,
				81F392C62F92EB91001535F4 /* MWDATMockDevice */,
			);
			productName = NutriMarket;
			productReference = 8103D5A52F8D98810028FDA0 /* NutriMarket.app */;
			productType = "com.apple.product-type.application";
		};
		8103D5B12F8D98840028FDA0 /* NutriMarketTests */ = {
			isa = PBXNativeTarget;
			buildConfigurationList = 8103D5C92F8D98840028FDA0 /* Build configuration list for PBXNativeTarget "NutriMarketTests" */;
			buildPhases = (
				8103D5AE2F8D98840028FDA0 /* Sources */,
				8103D5AF2F8D98840028FDA0 /* Frameworks */,
				8103D5B02F8D98840028FDA0 /* Resources */,
			);
			buildRules = (
			);
			dependencies = (
				8103D5B42F8D98840028FDA0 /* PBXTargetDependency */,
			);
			fileSystemSynchronizedGroups = (
				8103D5B52F8D98840028FDA0 /* NutriMarketTests */,
			);
			name = NutriMarketTests;
			packageProductDependencies = (
			);
			productName = NutriMarketTests;
			productReference = 8103D5B22F8D98840028FDA0 /* NutriMarketTests.xctest */;
			productType = "com.apple.product-type.bundle.unit-test";
		};
		8103D5BB2F8D98840028FDA0 /* NutriMarketUITests */ = {
			isa = PBXNativeTarget;
			buildConfigurationList = 8103D5CC2F8D98840028FDA0 /* Build configuration list for PBXNativeTarget "NutriMarketUITests" */;
			buildPhases = (
				8103D5B82F8D98840028FDA0 /* Sources */,
				8103D5B92F8D98840028FDA0 /* Frameworks */,
				8103D5BA2F8D98840028FDA0 /* Resources */,
			);
			buildRules = (
			);
			dependencies = (
				8103D5BE2F8D98840028FDA0 /* PBXTargetDependency */,
			);
			fileSystemSynchronizedGroups = (
				8103D5BF2F8D98840028FDA0 /* NutriMarketUITests */,
			);
			name = NutriMarketUITests;
			packageProductDependencies = (
			);
			productName = NutriMarketUITests;
			productReference = 8103D5BC2F8D98840028FDA0 /* NutriMarketUITests.xctest */;
			productType = "com.apple.product-type.bundle.ui-testing";
		};
/* End PBXNativeTarget section */

/* Begin PBXProject section */
		8103D59D2F8D98810028FDA0 /* Project object */ = {
			isa = PBXProject;
			attributes = {
				BuildIndependentTargetsInParallel = 1;
				LastSwiftUpdateCheck = 2640;
				LastUpgradeCheck = 2640;
				TargetAttributes = {
					8103D5A42F8D98810028FDA0 = {
						CreatedOnToolsVersion = 26.4;
					};
					8103D5B12F8D98840028FDA0 = {
						CreatedOnToolsVersion = 26.4;
						TestTargetID = 8103D5A42F8D98810028FDA0;
					};
					8103D5BB2F8D98840028FDA0 = {
						CreatedOnToolsVersion = 26.4;
						TestTargetID = 8103D5A42F8D98810028FDA0;
					};
				};
			};
			buildConfigurationList = 8103D5A02F8D98810028FDA0 /* Build configuration list for PBXProject "NutriMarket" */;
			developmentRegion = en;
			hasScannedForEncodings = 0;
			knownRegions = (
				en,
				Base,
			);
			mainGroup = 8103D59C2F8D98810028FDA0;
			minimizedProjectReferenceProxies = 1;
			packageReferences = (
				81F392B32F92EB6D001535F4 /* XCRemoteSwiftPackageReference "firebase-ios-sdk" */,
				81F392BE2F92EB82001535F4 /* XCRemoteSwiftPackageReference "SDWebImageSwiftUI" */,
				81F392C12F92EB91001535F4 /* XCRemoteSwiftPackageReference "meta-wearables-dat-ios" */,
			);
			preferredProjectObjectVersion = 77;
			productRefGroup = 8103D5A62F8D98810028FDA0 /* Products */;
			projectDirPath = "";
			projectRoot = "";
			targets = (
				8103D5A42F8D98810028FDA0 /* NutriMarket */,
				8103D5B12F8D98840028FDA0 /* NutriMarketTests */,
				8103D5BB2F8D98840028FDA0 /* NutriMarketUITests */,
			);
		};
/* End PBXProject section */

/* Begin PBXResourcesBuildPhase section */
		8103D5A32F8D98810028FDA0 /* Resources */ = {
			isa = PBXResourcesBuildPhase;
			buildActionMask = 2147483647;
			files = (
			);
			runOnlyForDeploymentPostprocessing = 0;
		};
		8103D5B02F8D98840028FDA0 /* Resources */ = {
			isa = PBXResourcesBuildPhase;
			buildActionMask = 2147483647;
			files = (
			);
			runOnlyForDeploymentPostprocessing = 0;
		};
		8103D5BA2F8D98840028FDA0 /* Resources */ = {
			isa = PBXResourcesBuildPhase;
			buildActionMask = 2147483647;
			files = (
			);
			runOnlyForDeploymentPostprocessing = 0;
		};
/* End PBXResourcesBuildPhase section */

/* Begin PBXSourcesBuildPhase section */
		8103D5A12F8D98810028FDA0 /* Sources */ = {
			isa = PBXSourcesBuildPhase;
			buildActionMask = 2147483647;
			files = (
			);
			runOnlyForDeploymentPostprocessing = 0;
		};
		8103D5AE2F8D98840028FDA0 /* Sources */ = {
			isa = PBXSourcesBuildPhase;
			buildActionMask = 2147483647;
			files = (
			);
			runOnlyForDeploymentPostprocessing = 0;
		};
		8103D5B82F8D98840028FDA0 /* Sources */ = {
			isa = PBXSourcesBuildPhase;
			buildActionMask = 2147483647;
			files = (
			);
			runOnlyForDeploymentPostprocessing = 0;
		};
/* End PBXSourcesBuildPhase section */

/* Begin PBXTargetDependency section */
		8103D5B42F8D98840028FDA0 /* PBXTargetDependency */ = {
			isa = PBXTargetDependency;
			target = 8103D5A42F8D98810028FDA0 /* NutriMarket */;
			targetProxy = 8103D5B32F8D98840028FDA0 /* PBXContainerItemProxy */;
		};
		8103D5BE2F8D98840028FDA0 /* PBXTargetDependency */ = {
			isa = PBXTargetDependency;
			target = 8103D5A42F8D98810028FDA0 /* NutriMarket */;
			targetProxy = 8103D5BD2F8D98840028FDA0 /* PBXContainerItemProxy */;
		};
/* End PBXTargetDependency section */

/* Begin XCBuildConfiguration section */
		8103D5C42F8D98840028FDA0 /* Debug */ = {
			isa = XCBuildConfiguration;
			buildSettings = {
				ALWAYS_SEARCH_USER_PATHS = NO;
				ASSETCATALOG_COMPILER_GENERATE_SWIFT_ASSET_SYMBOL_EXTENSIONS = YES;
				CLANG_ANALYZER_NONNULL = YES;
				CLANG_ANALYZER_NUMBER_OBJECT_CONVERSION = YES_AGGRESSIVE;
				CLANG_CXX_LANGUAGE_STANDARD = "gnu++20";
				CLANG_ENABLE_MODULES = YES;
				CLANG_ENABLE_OBJC_ARC = YES;
				CLANG_ENABLE_OBJC_WEAK = YES;
				CLANG_WARN_BLOCK_CAPTURE_AUTORELEASING = YES;
				CLANG_WARN_BOOL_CONVERSION = YES;
				CLANG_WARN_COMMA = YES;
				CLANG_WARN_CONSTANT_CONVERSION = YES;
				CLANG_WARN_DEPRECATED_OBJC_IMPLEMENTATIONS = YES;
				CLANG_WARN_DIRECT_OBJC_ISA_USAGE = YES_ERROR;
				CLANG_WARN_DOCUMENTATION_COMMENTS = YES;
				CLANG_WARN_EMPTY_BODY = YES;
				CLANG_WARN_ENUM_CONVERSION = YES;
				CLANG_WARN_INFINITE_RECURSION = YES;
				CLANG_WARN_INT_CONVERSION = YES;
				CLANG_WARN_NON_LITERAL_NULL_CONVERSION = YES;
				CLANG_WARN_OBJC_IMPLICIT_RETAIN_SELF = YES;
				CLANG_WARN_OBJC_LITERAL_CONVERSION = YES;
				CLANG_WARN_OBJC_ROOT_CLASS = YES_ERROR;
				CLANG_WARN_QUOTED_INCLUDE_IN_FRAMEWORK_HEADER = YES;
				CLANG_WARN_RANGE_LOOP_ANALYSIS = YES;
				CLANG_WARN_STRICT_PROTOTYPES = YES;
				CLANG_WARN_SUSPICIOUS_MOVE = YES;
				CLANG_WARN_UNGUARDED_AVAILABILITY = YES_AGGRESSIVE;
				CLANG_WARN_UNREACHABLE_CODE = YES;
				CLANG_WARN__DUPLICATE_METHOD_MATCH = YES;
				"CODE_SIGN_ENTITLEMENTS[sdk=*]" = NutriMarket/NutriMarket.entitlements;
				COPY_PHASE_STRIP = NO;
				DEBUG_INFORMATION_FORMAT = dwarf;
				DEVELOPMENT_TEAM = H2R598964Z;
				ENABLE_STRICT_OBJC_MSGSEND = YES;
				ENABLE_TESTABILITY = YES;
				ENABLE_USER_SCRIPT_SANDBOXING = YES;
				GCC_C_LANGUAGE_STANDARD = gnu17;
				GCC_DYNAMIC_NO_PIC = NO;
				GCC_NO_COMMON_BLOCKS = YES;
				GCC_OPTIMIZATION_LEVEL = 0;
				GCC_PREPROCESSOR_DEFINITIONS = (
					"DEBUG=1",
					"$(inherited)",
				);
				GCC_WARN_64_TO_32_BIT_CONVERSION = YES;
				GCC_WARN_ABOUT_RETURN_TYPE = YES_ERROR;
				GCC_WARN_UNDECLARED_SELECTOR = YES;
				GCC_WARN_UNINITIALIZED_AUTOS = YES_AGGRESSIVE;
				GCC_WARN_UNUSED_FUNCTION = YES;
				GCC_WARN_UNUSED_VARIABLE = YES;
				LOCALIZATION_PREFERS_STRING_CATALOGS = YES;
				MTL_ENABLE_DEBUG_INFO = INCLUDE_SOURCE;
				MTL_FAST_MATH = YES;
				ONLY_ACTIVE_ARCH = YES;
				SWIFT_ACTIVE_COMPILATION_CONDITIONS = "DEBUG $(inherited)";
				SWIFT_OPTIMIZATION_LEVEL = "-Onone";
			};
			name = Debug;
		};
		8103D5C52F8D98840028FDA0 /* Release */ = {
			isa = XCBuildConfiguration;
			buildSettings = {
				ALWAYS_SEARCH_USER_PATHS = NO;
				ASSETCATALOG_COMPILER_GENERATE_SWIFT_ASSET_SYMBOL_EXTENSIONS = YES;
				CLANG_ANALYZER_NONNULL = YES;
				CLANG_ANALYZER_NUMBER_OBJECT_CONVERSION = YES_AGGRESSIVE;
				CLANG_CXX_LANGUAGE_STANDARD = "gnu++20";
				CLANG_ENABLE_MODULES = YES;
				CLANG_ENABLE_OBJC_ARC = YES;
				CLANG_ENABLE_OBJC_WEAK = YES;
				CLANG_WARN_BLOCK_CAPTURE_AUTORELEASING = YES;
				CLANG_WARN_BOOL_CONVERSION = YES;
				CLANG_WARN_COMMA = YES;
				CLANG_WARN_CONSTANT_CONVERSION = YES;
				CLANG_WARN_DEPRECATED_OBJC_IMPLEMENTATIONS = YES;
				CLANG_WARN_DIRECT_OBJC_ISA_USAGE = YES_ERROR;
				CLANG_WARN_DOCUMENTATION_COMMENTS = YES;
				CLANG_WARN_EMPTY_BODY = YES;
				CLANG_WARN_ENUM_CONVERSION = YES;
				CLANG_WARN_INFINITE_RECURSION = YES;
				CLANG_WARN_INT_CONVERSION = YES;
				CLANG_WARN_NON_LITERAL_NULL_CONVERSION = YES;
				CLANG_WARN_OBJC_IMPLICIT_RETAIN_SELF = YES;
				CLANG_WARN_OBJC_LITERAL_CONVERSION = YES;
				CLANG_WARN_OBJC_ROOT_CLASS = YES_ERROR;
				CLANG_WARN_QUOTED_INCLUDE_IN_FRAMEWORK_HEADER = YES;
				CLANG_WARN_RANGE_LOOP_ANALYSIS = YES;
				CLANG_WARN_STRICT_PROTOTYPES = YES;
				CLANG_WARN_SUSPICIOUS_MOVE = YES;
				CLANG_WARN_UNGUARDED_AVAILABILITY = YES_AGGRESSIVE;
				CLANG_WARN_UNREACHABLE_CODE = YES;
				CLANG_WARN__DUPLICATE_METHOD_MATCH = YES;
				"CODE_SIGN_ENTITLEMENTS[sdk=*]" = NutriMarket/NutriMarket.entitlements;
				COPY_PHASE_STRIP = NO;
				DEBUG_INFORMATION_FORMAT = "dwarf-with-dsym";
				DEVELOPMENT_TEAM = H2R598964Z;
				ENABLE_NS_ASSERTIONS = NO;
				ENABLE_STRICT_OBJC_MSGSEND = YES;
				ENABLE_USER_SCRIPT_SANDBOXING = YES;
				GCC_C_LANGUAGE_STANDARD = gnu17;
				GCC_NO_COMMON_BLOCKS = YES;
				GCC_WARN_64_TO_32_BIT_CONVERSION = YES;
				GCC_WARN_ABOUT_RETURN_TYPE = YES_ERROR;
				GCC_WARN_UNDECLARED_SELECTOR = YES;
				GCC_WARN_UNINITIALIZED_AUTOS = YES_AGGRESSIVE;
				GCC_WARN_UNUSED_FUNCTION = YES;
				GCC_WARN_UNUSED_VARIABLE = YES;
				LOCALIZATION_PREFERS_STRING_CATALOGS = YES;
				MTL_ENABLE_DEBUG_INFO = NO;
				MTL_FAST_MATH = YES;
				SWIFT_COMPILATION_MODE = wholemodule;
			};
			name = Release;
		};
		8103D5C72F8D98840028FDA0 /* Debug */ = {
			isa = XCBuildConfiguration;
			buildSettings = {
				ASSETCATALOG_COMPILER_APPICON_NAME = AppIcon;
				ASSETCATALOG_COMPILER_GLOBAL_ACCENT_COLOR_NAME = AccentColor;
				CODE_SIGN_ENTITLEMENTS = NutriMarket/NutriMarket.entitlements;
				CODE_SIGN_STYLE = Automatic;
				CURRENT_PROJECT_VERSION = 1;
				DEVELOPMENT_TEAM = H2R598964Z;
				ENABLE_APP_SANDBOX = YES;
				ENABLE_HARDENED_RUNTIME = YES;
				ENABLE_PREVIEWS = YES;
				ENABLE_USER_SELECTED_FILES = readonly;
				GENERATE_INFOPLIST_FILE = YES;
				INFOPLIST_FILE = NutriMarket/Info.plist;
				INFOPLIST_KEY_CFBundleDisplayName = Vyro;
				INFOPLIST_KEY_LSApplicationCategoryType = "public.app-category.healthcare-fitness";
				INFOPLIST_KEY_NSBluetoothAlwaysUsageDescription = "Necessário para conectar aos óculos Meta";
				INFOPLIST_KEY_NSCameraUsageDescription = "Necessário para fotografar refeições e analisar nutrição";
				INFOPLIST_KEY_NSLocationWhenInUseUsageDescription = "Usamos sua localização para mostrar posts próximos a você no feed";
				INFOPLIST_KEY_NSPhotoLibraryUsageDescription = "Necessário para selecionar fotos de refeições e análise corporal";
				"INFOPLIST_KEY_UIApplicationSceneManifest_Generation[sdk=iphoneos*]" = YES;
				"INFOPLIST_KEY_UIApplicationSceneManifest_Generation[sdk=iphonesimulator*]" = YES;
				"INFOPLIST_KEY_UIApplicationSupportsIndirectInputEvents[sdk=iphoneos*]" = YES;
				"INFOPLIST_KEY_UIApplicationSupportsIndirectInputEvents[sdk=iphonesimulator*]" = YES;
				"INFOPLIST_KEY_UILaunchScreen_Generation[sdk=iphoneos*]" = YES;
				"INFOPLIST_KEY_UILaunchScreen_Generation[sdk=iphonesimulator*]" = YES;
				"INFOPLIST_KEY_UIStatusBarStyle[sdk=iphoneos*]" = UIStatusBarStyleDefault;
				"INFOPLIST_KEY_UIStatusBarStyle[sdk=iphonesimulator*]" = UIStatusBarStyleDefault;
				INFOPLIST_KEY_UISupportedInterfaceOrientations = UIInterfaceOrientationPortrait;
				INFOPLIST_KEY_UISupportedInterfaceOrientations_iPad = "UIInterfaceOrientationLandscapeLeft UIInterfaceOrientationLandscapeRight UIInterfaceOrientationPortrait UIInterfaceOrientationPortraitUpsideDown";
				IPHONEOS_DEPLOYMENT_TARGET = 26.0;
				LD_RUNPATH_SEARCH_PATHS = "@executable_path/Frameworks";
				"LD_RUNPATH_SEARCH_PATHS[sdk=macosx*]" = "@executable_path/../Frameworks";
				MACOSX_DEPLOYMENT_TARGET = 26.4;
				MARKETING_VERSION = 1.0;
				PRODUCT_BUNDLE_IDENTIFIER = com.igormiranda.NutriMarket;
				PRODUCT_NAME = "$(TARGET_NAME)";
				REGISTER_APP_GROUPS = YES;
				SDKROOT = auto;
				STRING_CATALOG_GENERATE_SYMBOLS = YES;
				SUPPORTED_PLATFORMS = "iphoneos iphonesimulator";
				SUPPORTS_MACCATALYST = NO;
				SWIFT_APPROACHABLE_CONCURRENCY = YES;
				SWIFT_DEFAULT_ACTOR_ISOLATION = MainActor;
				SWIFT_EMIT_LOC_STRINGS = YES;
				SWIFT_UPCOMING_FEATURE_MEMBER_IMPORT_VISIBILITY = YES;
				SWIFT_VERSION = 5.0;
				TARGETED_DEVICE_FAMILY = 1;
				XROS_DEPLOYMENT_TARGET = 26.4;
			};
			name = Debug;
		};
		8103D5C82F8D98840028FDA0 /* Release */ = {
			isa = XCBuildConfiguration;
			buildSettings = {
				ASSETCATALOG_COMPILER_APPICON_NAME = AppIcon;
				ASSETCATALOG_COMPILER_GLOBAL_ACCENT_COLOR_NAME = AccentColor;
				CODE_SIGN_ENTITLEMENTS = NutriMarket/NutriMarketRelease.entitlements;
				CODE_SIGN_STYLE = Automatic;
				CURRENT_PROJECT_VERSION = 1;
				DEVELOPMENT_TEAM = H2R598964Z;
				ENABLE_APP_SANDBOX = YES;
				ENABLE_HARDENED_RUNTIME = YES;
				ENABLE_PREVIEWS = YES;
				ENABLE_USER_SELECTED_FILES = readonly;
				GENERATE_INFOPLIST_FILE = YES;
				INFOPLIST_FILE = NutriMarket/Info.plist;
				INFOPLIST_KEY_CFBundleDisplayName = Vyro;
				INFOPLIST_KEY_LSApplicationCategoryType = "public.app-category.healthcare-fitness";
				INFOPLIST_KEY_NSBluetoothAlwaysUsageDescription = "Necessário para conectar aos óculos Meta";
				INFOPLIST_KEY_NSCameraUsageDescription = "Necessário para fotografar refeições e analisar nutrição";
				INFOPLIST_KEY_NSLocationWhenInUseUsageDescription = "Usamos sua localização para mostrar posts próximos a você no feed";
				INFOPLIST_KEY_NSPhotoLibraryUsageDescription = "Necessário para selecionar fotos de refeições e análise corporal";
				"INFOPLIST_KEY_UIApplicationSceneManifest_Generation[sdk=iphoneos*]" = YES;
				"INFOPLIST_KEY_UIApplicationSceneManifest_Generation[sdk=iphonesimulator*]" = YES;
				"INFOPLIST_KEY_UIApplicationSupportsIndirectInputEvents[sdk=iphoneos*]" = YES;
				"INFOPLIST_KEY_UIApplicationSupportsIndirectInputEvents[sdk=iphonesimulator*]" = YES;
				"INFOPLIST_KEY_UILaunchScreen_Generation[sdk=iphoneos*]" = YES;
				"INFOPLIST_KEY_UILaunchScreen_Generation[sdk=iphonesimulator*]" = YES;
				"INFOPLIST_KEY_UIStatusBarStyle[sdk=iphoneos*]" = UIStatusBarStyleDefault;
				"INFOPLIST_KEY_UIStatusBarStyle[sdk=iphonesimulator*]" = UIStatusBarStyleDefault;
				INFOPLIST_KEY_UISupportedInterfaceOrientations = UIInterfaceOrientationPortrait;
				INFOPLIST_KEY_UISupportedInterfaceOrientations_iPad = "UIInterfaceOrientationLandscapeLeft UIInterfaceOrientationLandscapeRight UIInterfaceOrientationPortrait UIInterfaceOrientationPortraitUpsideDown";
				IPHONEOS_DEPLOYMENT_TARGET = 26.0;
				LD_RUNPATH_SEARCH_PATHS = "@executable_path/Frameworks";
				"LD_RUNPATH_SEARCH_PATHS[sdk=macosx*]" = "@executable_path/../Frameworks";
				MACOSX_DEPLOYMENT_TARGET = 26.4;
				MARKETING_VERSION = 1.0;
				PRODUCT_BUNDLE_IDENTIFIER = com.igormiranda.NutriMarket;
				PRODUCT_NAME = "$(TARGET_NAME)";
				REGISTER_APP_GROUPS = YES;
				SDKROOT = auto;
				STRING_CATALOG_GENERATE_SYMBOLS = YES;
				SUPPORTED_PLATFORMS = "iphoneos iphonesimulator";
				SUPPORTS_MACCATALYST = NO;
				SWIFT_APPROACHABLE_CONCURRENCY = YES;
				SWIFT_DEFAULT_ACTOR_ISOLATION = MainActor;
				SWIFT_EMIT_LOC_STRINGS = YES;
				SWIFT_UPCOMING_FEATURE_MEMBER_IMPORT_VISIBILITY = YES;
				SWIFT_VERSION = 5.0;
				TARGETED_DEVICE_FAMILY = 1;
				XROS_DEPLOYMENT_TARGET = 26.4;
			};
			name = Release;
		};
		8103D5CA2F8D98840028FDA0 /* Debug */ = {
			isa = XCBuildConfiguration;
			buildSettings = {
				BUNDLE_LOADER = "$(TEST_HOST)";
				CODE_SIGN_STYLE = Automatic;
				CURRENT_PROJECT_VERSION = 1;
				DEVELOPMENT_TEAM = H2R598964Z;
				GENERATE_INFOPLIST_FILE = YES;
				IPHONEOS_DEPLOYMENT_TARGET = 26.4;
				MACOSX_DEPLOYMENT_TARGET = 26.4;
				MARKETING_VERSION = 1.0;
				PRODUCT_BUNDLE_IDENTIFIER = com.igormiranda.NutriMarketTests;
				PRODUCT_NAME = "$(TARGET_NAME)";
				SDKROOT = auto;
				STRING_CATALOG_GENERATE_SYMBOLS = NO;
				SUPPORTED_PLATFORMS = "iphoneos iphonesimulator macosx xros xrsimulator";
				SWIFT_APPROACHABLE_CONCURRENCY = YES;
				SWIFT_EMIT_LOC_STRINGS = NO;
				SWIFT_UPCOMING_FEATURE_MEMBER_IMPORT_VISIBILITY = YES;
				SWIFT_VERSION = 5.0;
				TARGETED_DEVICE_FAMILY = "1,2,7";
				TEST_HOST = "$(BUILT_PRODUCTS_DIR)/NutriMarket.app/$(BUNDLE_EXECUTABLE_FOLDER_PATH)/NutriMarket";
				XROS_DEPLOYMENT_TARGET = 26.4;
			};
			name = Debug;
		};
		8103D5CB2F8D98840028FDA0 /* Release */ = {
			isa = XCBuildConfiguration;
			buildSettings = {
				BUNDLE_LOADER = "$(TEST_HOST)";
				CODE_SIGN_STYLE = Automatic;
				CURRENT_PROJECT_VERSION = 1;
				DEVELOPMENT_TEAM = H2R598964Z;
				GENERATE_INFOPLIST_FILE = YES;
				IPHONEOS_DEPLOYMENT_TARGET = 26.4;
				MACOSX_DEPLOYMENT_TARGET = 26.4;
				MARKETING_VERSION = 1.0;
				PRODUCT_BUNDLE_IDENTIFIER = com.igormiranda.NutriMarketTests;
				PRODUCT_NAME = "$(TARGET_NAME)";
				SDKROOT = auto;
				STRING_CATALOG_GENERATE_SYMBOLS = NO;
				SUPPORTED_PLATFORMS = "iphoneos iphonesimulator macosx xros xrsimulator";
				SWIFT_APPROACHABLE_CONCURRENCY = YES;
				SWIFT_EMIT_LOC_STRINGS = NO;
				SWIFT_UPCOMING_FEATURE_MEMBER_IMPORT_VISIBILITY = YES;
				SWIFT_VERSION = 5.0;
				TARGETED_DEVICE_FAMILY = "1,2,7";
				TEST_HOST = "$(BUILT_PRODUCTS_DIR)/NutriMarket.app/$(BUNDLE_EXECUTABLE_FOLDER_PATH)/NutriMarket";
				XROS_DEPLOYMENT_TARGET = 26.4;
			};
			name = Release;
		};
		8103D5CD2F8D98840028FDA0 /* Debug */ = {
			isa = XCBuildConfiguration;
			buildSettings = {
				CODE_SIGN_STYLE = Automatic;
				CURRENT_PROJECT_VERSION = 1;
				DEVELOPMENT_TEAM = H2R598964Z;
				GENERATE_INFOPLIST_FILE = YES;
				IPHONEOS_DEPLOYMENT_TARGET = 26.4;
				MACOSX_DEPLOYMENT_TARGET = 26.4;
				MARKETING_VERSION = 1.0;
				PRODUCT_BUNDLE_IDENTIFIER = com.igormiranda.NutriMarketUITests;
				PRODUCT_NAME = "$(TARGET_NAME)";
				SDKROOT = auto;
				STRING_CATALOG_GENERATE_SYMBOLS = NO;
				SUPPORTED_PLATFORMS = "iphoneos iphonesimulator macosx xros xrsimulator";
				SWIFT_APPROACHABLE_CONCURRENCY = YES;
				SWIFT_EMIT_LOC_STRINGS = NO;
				SWIFT_UPCOMING_FEATURE_MEMBER_IMPORT_VISIBILITY = YES;
				SWIFT_VERSION = 5.0;
				TARGETED_DEVICE_FAMILY = "1,2,7";
				TEST_TARGET_NAME = NutriMarket;
				XROS_DEPLOYMENT_TARGET = 26.4;
			};
			name = Debug;
		};
		8103D5CE2F8D98840028FDA0 /* Release */ = {
			isa = XCBuildConfiguration;
			buildSettings = {
				CODE_SIGN_STYLE = Automatic;
				CURRENT_PROJECT_VERSION = 1;
				DEVELOPMENT_TEAM = H2R598964Z;
				GENERATE_INFOPLIST_FILE = YES;
				IPHONEOS_DEPLOYMENT_TARGET = 26.4;
				MACOSX_DEPLOYMENT_TARGET = 26.4;
				MARKETING_VERSION = 1.0;
				PRODUCT_BUNDLE_IDENTIFIER = com.igormiranda.NutriMarketUITests;
				PRODUCT_NAME = "$(TARGET_NAME)";
				SDKROOT = auto;
				STRING_CATALOG_GENERATE_SYMBOLS = NO;
				SUPPORTED_PLATFORMS = "iphoneos iphonesimulator macosx xros xrsimulator";
				SWIFT_APPROACHABLE_CONCURRENCY = YES;
				SWIFT_EMIT_LOC_STRINGS = NO;
				SWIFT_UPCOMING_FEATURE_MEMBER_IMPORT_VISIBILITY = YES;
				SWIFT_VERSION = 5.0;
				TARGETED_DEVICE_FAMILY = "1,2,7";
				TEST_TARGET_NAME = NutriMarket;
				XROS_DEPLOYMENT_TARGET = 26.4;
			};
			name = Release;
		};
/* End XCBuildConfiguration section */

/* Begin XCConfigurationList section */
		8103D5A02F8D98810028FDA0 /* Build configuration list for PBXProject "NutriMarket" */ = {
			isa = XCConfigurationList;
			buildConfigurations = (
				8103D5C42F8D98840028FDA0 /* Debug */,
				8103D5C52F8D98840028FDA0 /* Release */,
			);
			defaultConfigurationIsVisible = 0;
			defaultConfigurationName = Release;
		};
		8103D5C62F8D98840028FDA0 /* Build configuration list for PBXNativeTarget "NutriMarket" */ = {
			isa = XCConfigurationList;
			buildConfigurations = (
				8103D5C72F8D98840028FDA0 /* Debug */,
				8103D5C82F8D98840028FDA0 /* Release */,
			);
			defaultConfigurationIsVisible = 0;
			defaultConfigurationName = Release;
		};
		8103D5C92F8D98840028FDA0 /* Build configuration list for PBXNativeTarget "NutriMarketTests" */ = {
			isa = XCConfigurationList;
			buildConfigurations = (
				8103D5CA2F8D98840028FDA0 /* Debug */,
				8103D5CB2F8D98840028FDA0 /* Release */,
			);
			defaultConfigurationIsVisible = 0;
			defaultConfigurationName = Release;
		};
		8103D5CC2F8D98840028FDA0 /* Build configuration list for PBXNativeTarget "NutriMarketUITests" */ = {
			isa = XCConfigurationList;
			buildConfigurations = (
				8103D5CD2F8D98840028FDA0 /* Debug */,
				8103D5CE2F8D98840028FDA0 /* Release */,
			);
			defaultConfigurationIsVisible = 0;
			defaultConfigurationName = Release;
		};
/* End XCConfigurationList section */

/* Begin XCRemoteSwiftPackageReference section */
		81F392B32F92EB6D001535F4 /* XCRemoteSwiftPackageReference "firebase-ios-sdk" */ = {
			isa = XCRemoteSwiftPackageReference;
			repositoryURL = "https://github.com/firebase/firebase-ios-sdk";
			requirement = {
				kind = upToNextMajorVersion;
				minimumVersion = 12.12.1;
			};
		};
		81F392BE2F92EB82001535F4 /* XCRemoteSwiftPackageReference "SDWebImageSwiftUI" */ = {
			isa = XCRemoteSwiftPackageReference;
			repositoryURL = "https://github.com/SDWebImage/SDWebImageSwiftUI";
			requirement = {
				kind = upToNextMajorVersion;
				minimumVersion = 3.1.4;
			};
		};
		81F392C12F92EB91001535F4 /* XCRemoteSwiftPackageReference "meta-wearables-dat-ios" */ = {
			isa = XCRemoteSwiftPackageReference;
			repositoryURL = "https://github.com/facebook/meta-wearables-dat-ios";
			requirement = {
				kind = upToNextMajorVersion;
				minimumVersion = 0.6.0;
			};
		};
/* End XCRemoteSwiftPackageReference section */

/* Begin XCSwiftPackageProductDependency section */
		81F392B42F92EB6D001535F4 /* FirebaseAuth */ = {
			isa = XCSwiftPackageProductDependency;
			package = 81F392B32F92EB6D001535F4 /* XCRemoteSwiftPackageReference "firebase-ios-sdk" */;
			productName = FirebaseAuth;
		};
		81F392B62F92EB6D001535F4 /* FirebaseDatabase */ = {
			isa = XCSwiftPackageProductDependency;
			package = 81F392B32F92EB6D001535F4 /* XCRemoteSwiftPackageReference "firebase-ios-sdk" */;
			productName = FirebaseDatabase;
		};
		81F392B82F92EB6D001535F4 /* FirebaseFirestore */ = {
			isa = XCSwiftPackageProductDependency;
			package = 81F392B32F92EB6D001535F4 /* XCRemoteSwiftPackageReference "firebase-ios-sdk" */;
			productName = FirebaseFirestore;
		};
		81F392BA2F92EB6D001535F4 /* FirebaseMessaging */ = {
			isa = XCSwiftPackageProductDependency;
			package = 81F392B32F92EB6D001535F4 /* XCRemoteSwiftPackageReference "firebase-ios-sdk" */;
			productName = FirebaseMessaging;
		};
		81F392BC2F92EB6D001535F4 /* FirebaseStorage */ = {
			isa = XCSwiftPackageProductDependency;
			package = 81F392B32F92EB6D001535F4 /* XCRemoteSwiftPackageReference "firebase-ios-sdk" */;
			productName = FirebaseStorage;
		};
		81F392BF2F92EB82001535F4 /* SDWebImageSwiftUI */ = {
			isa = XCSwiftPackageProductDependency;
			package = 81F392BE2F92EB82001535F4 /* XCRemoteSwiftPackageReference "SDWebImageSwiftUI" */;
			productName = SDWebImageSwiftUI;
		};
		81F392C22F92EB91001535F4 /* MWDATCamera */ = {
			isa = XCSwiftPackageProductDependency;
			package = 81F392C12F92EB91001535F4 /* XCRemoteSwiftPackageReference "meta-wearables-dat-ios" */;
			productName = MWDATCamera;
		};
		81F392C42F92EB91001535F4 /* MWDATCore */ = {
			isa = XCSwiftPackageProductDependency;
			package = 81F392C12F92EB91001535F4 /* XCRemoteSwiftPackageReference "meta-wearables-dat-ios" */;
			productName = MWDATCore;
		};
		81F392C62F92EB91001535F4 /* MWDATMockDevice */ = {
			isa = XCSwiftPackageProductDependency;
			package = 81F392C12F92EB91001535F4 /* XCRemoteSwiftPackageReference "meta-wearables-dat-ios" */;
			productName = MWDATMockDevice;
		};
/* End XCSwiftPackageProductDependency section */
	};
	rootObject = 8103D59D2F8D98810028FDA0 /* Project object */;
}
